// !$*UTF8*$!
{
	archiveVersion = 1;
	classes = {
	};
	objectVersion = 46;
	objects = {

/* Begin PBXBuildFile section */
		1B1CF8101A813BED00F94E5A /* Foundation.framework in Frameworks */ = {isa = PBXBuildFile; fileRef = 1B1CF80F1A813BED00F94E5A /* Foundation.framework */; };
		1B1CF8121A813BED00F94E5A /* CoreGraphics.framework in Frameworks */ = {isa = PBXBuildFile; fileRef = 1B1CF8111A813BED00F94E5A /* CoreGraphics.framework */; };
		1B1CF8141A813BED00F94E5A /* UIKit.framework in Frameworks */ = {isa = PBXBuildFile; fileRef = 1B1CF8131A813BED00F94E5A /* UIKit.framework */; };
		1B1CF81A1A813BED00F94E5A /* InfoPlist.strings in Resources */ = {isa = PBXBuildFile; fileRef = 1B1CF8181A813BED00F94E5A /* InfoPlist.strings */; };
		1B1CF81C1A813BED00F94E5A /* main.m in Sources */ = {isa = PBXBuildFile; fileRef = 1B1CF81B1A813BED00F94E5A /* main.m */; };
		1B1CF8201A813BED00F94E5A /* AppDelegate.m in Sources */ = {isa = PBXBuildFile; fileRef = 1B1CF81F1A813BED00F94E5A /* AppDelegate.m */; };
		1B1CF8231A813BED00F94E5A /* Main.storyboard in Resources */ = {isa = PBXBuildFile; fileRef = 1B1CF8211A813BED00F94E5A /* Main.storyboard */; };
		1B1CF8261A813BED00F94E5A /* ViewController.m in Sources */ = {isa = PBXBuildFile; fileRef = 1B1CF8251A813BED00F94E5A /* ViewController.m */; };
		1B1CF8281A813BED00F94E5A /* Images.xcassets in Resources */ = {isa = PBXBuildFile; fileRef = 1B1CF8271A813BED00F94E5A /* Images.xcassets */; };
		1B1CF82F1A813BED00F94E5A /* XCTest.framework in Frameworks */ = {isa = PBXBuildFile; fileRef = 1B1CF82E1A813BED00F94E5A /* XCTest.framework */; };
		1B1CF8301A813BED00F94E5A /* Foundation.framework in Frameworks */ = {isa = PBXBuildFile; fileRef = 1B1CF80F1A813BED00F94E5A /* Foundation.framework */; };
		1B1CF8311A813BED00F94E5A /* UIKit.framework in Frameworks */ = {isa = PBXBuildFile; fileRef = 1B1CF8131A813BED00F94E5A /* UIKit.framework */; };
		1B1CF8391A813BED00F94E5A /* InfoPlist.strings in Resources */ = {isa = PBXBuildFile; fileRef = 1B1CF8371A813BED00F94E5A /* InfoPlist.strings */; };
		1B1CF83B1A813BED00F94E5A /* ShopWithFriendsTests.m in Sources */ = {isa = PBXBuildFile; fileRef = 1B1CF83A1A813BED00F94E5A /* ShopWithFriendsTests.m */; };
/* End PBXBuildFile section */

/* Begin PBXContainerItemProxy section */
		1B1CF8321A813BED00F94E5A /* PBXContainerItemProxy */ = {
			isa = PBXContainerItemProxy;
			containerPortal = 1B1CF8041A813BED00F94E5A /* Project object */;
			proxyType = 1;
			remoteGlobalIDString = 1B1CF80B1A813BED00F94E5A;
			remoteInfo = ShopWithFriends;
		};
/* End PBXContainerItemProxy section */

/* Begin PBXFileReference section */
		1B1CF80C1A813BED00F94E5A /* ShopWithFriends.app */ = {isa = PBXFileReference; explicitFileType = wrapper.application; includeInIndex = 0; path = ShopWithFriends.app; sourceTree = BUILT_PRODUCTS_DIR; };
		1B1CF80F1A813BED00F94E5A /* Foundation.framework */ = {isa = PBXFileReference; lastKnownFileType = wrapper.framework; name = Foundation.framework; path = System/Library/Frameworks/Foundation.framework; sourceTree = SDKROOT; };
		1B1CF8111A813BED00F94E5A /* CoreGraphics.framework */ = {isa = PBXFileReference; lastKnownFileType = wrapper.framework; name = CoreGraphics.framework; path = System/Library/Frameworks/CoreGraphics.framework; sourceTree = SDKROOT; };
		1B1CF8131A813BED00F94E5A /* UIKit.framework */ = {isa = PBXFileReference; lastKnownFileType = wrapper.framework; name = UIKit.framework; path = System/Library/Frameworks/UIKit.framework; sourceTree = SDKROOT; };
		1B1CF8171A813BED00F94E5A /* ShopWithFriends-Info.plist */ = {isa = PBXFileReference; lastKnownFileType = text.plist.xml; path = "ShopWithFriends-Info.plist"; sourceTree = "<group>"; };
		1B1CF8191A813BED00F94E5A /* en */ = {isa = PBXFileReference; lastKnownFileType = text.plist.strings; name = en; path = en.lproj/InfoPlist.strings; sourceTree = "<group>"; };
		1B1CF81B1A813BED00F94E5A /* main.m */ = {isa = PBXFileReference; lastKnownFileType = sourcecode.c.objc; path = main.m; sourceTree = "<group>"; };
		1B1CF81D1A813BED00F94E5A /* ShopWithFriends-Prefix.pch */ = {isa = PBXFileReference; lastKnownFileType = sourcecode.c.h; path = "ShopWithFriends-Prefix.pch"; sourceTree = "<group>"; };
		1B1CF81E1A813BED00F94E5A /* AppDelegate.h */ = {isa = PBXFileReference; lastKnownFileType = sourcecode.c.h; path = AppDelegate.h; sourceTree = "<group>"; };
		1B1CF81F1A813BED00F94E5A /* AppDelegate.m */ = {isa = PBXFileReference; lastKnownFileType = sourcecode.c.objc; path = AppDelegate.m; sourceTree = "<group>"; };
		1B1CF8221A813BED00F94E5A /* Base */ = {isa = PBXFileReference; lastKnownFileType = file.storyboard; name = Base; path = Base.lproj/Main.storyboard; sourceTree = "<group>"; };
		1B1CF8241A813BED00F94E5A /* ViewController.h */ = {isa = PBXFileReference; lastKnownFileType = sourcecode.c.h; path = ViewController.h; sourceTree = "<group>"; };
		1B1CF8251A813BED00F94E5A /* ViewController.m */ = {isa = PBXFileReference; lastKnownFileType = sourcecode.c.objc; path = ViewController.m; sourceTree = "<group>"; };
		1B1CF8271A813BED00F94E5A /* Images.xcassets */ = {isa = PBXFileReference; lastKnownFileType = folder.assetcatalog; path = Images.xcassets; sourceTree = "<group>"; };
		1B1CF82D1A813BED00F94E5A /* ShopWithFriendsTests.xctest */ = {isa = PBXFileReference; explicitFileType = wrapper.cfbundle; includeInIndex = 0; path = ShopWithFriendsTests.xctest; sourceTree = BUILT_PRODUCTS_DIR; };
		1B1CF82E1A813BED00F94E5A /* XCTest.framework */ = {isa = PBXFileReference; lastKnownFileType = wrapper.framework; name = XCTest.framework; path = Library/Frameworks/XCTest.framework; sourceTree = DEVELOPER_DIR; };
		1B1CF8361A813BED00F94E5A /* ShopWithFriendsTests-Info.plist */ = {isa = PBXFileReference; lastKnownFileType = text.plist.xml; path = "ShopWithFriendsTests-Info.plist"; sourceTree = "<group>"; };
		1B1CF8381A813BED00F94E5A /* en */ = {isa = PBXFileReference; lastKnownFileType = text.plist.strings; name = en; path = en.lproj/InfoPlist.strings; sourceTree = "<group>"; };
		1B1CF83A1A813BED00F94E5A /* ShopWithFriendsTests.m */ = {isa = PBXFileReference; lastKnownFileType = sourcecode.c.objc; path = ShopWithFriendsTests.m; sourceTree = "<group>"; };
/* End PBXFileReference section */

/* Begin PBXFrameworksBuildPhase section */
		1B1CF8091A813BED00F94E5A /* Frameworks */ = {
			isa = PBXFrameworksBuildPhase;
			buildActionMask = 2147483647;
			files = (
				1B1CF8121A813BED00F94E5A /* CoreGraphics.framework in Frameworks */,
				1B1CF8141A813BED00F94E5A /* UIKit.framework in Frameworks */,
				1B1CF8101A813BED00F94E5A /* Foundation.framework in Frameworks */,
			);
			runOnlyForDeploymentPostprocessing = 0;
		};
		1B1CF82A1A813BED00F94E5A /* Frameworks */ = {
			isa = PBXFrameworksBuildPhase;
			buildActionMask = 2147483647;
			files = (
				1B1CF82F1A813BED00F94E5A /* XCTest.framework in Frameworks */,
				1B1CF8311A813BED00F94E5A /* UIKit.framework in Frameworks */,
				1B1CF8301A813BED00F94E5A /* Foundation.framework in Frameworks */,
			);
			runOnlyForDeploymentPostprocessing = 0;
		};
/* End PBXFrameworksBuildPhase section */

/* Begin PBXGroup section */
		1B1CF8031A813BED00F94E5A = {
			isa = PBXGroup;
			children = (
				1B1CF8151A813BED00F94E5A /* ShopWithFriends */,
				1B1CF8341A813BED00F94E5A /* ShopWithFriendsTests */,
				1B1CF80E1A813BED00F94E5A /* Frameworks */,
				1B1CF80D1A813BED00F94E5A /* Products */,
			);
			sourceTree = "<group>";
		};
		1B1CF80D1A813BED00F94E5A /* Products */ = {
			isa = PBXGroup;
			children = (
				1B1CF80C1A813BED00F94E5A /* ShopWithFriends.app */,
				1B1CF82D1A813BED00F94E5A /* ShopWithFriendsTests.xctest */,
			);
			name = Products;
			sourceTree = "<group>";
		};
		1B1CF80E1A813BED00F94E5A /* Frameworks */ = {
			isa = PBXGroup;
			children = (
				1B1CF80F1A813BED00F94E5A /* Foundation.framework */,
				1B1CF8111A813BED00F94E5A /* CoreGraphics.framework */,
				1B1CF8131A813BED00F94E5A /* UIKit.framework */,
				1B1CF82E1A813BED00F94E5A /* XCTest.framework */,
			);
			name = Frameworks;
			sourceTree = "<group>";
		};
		1B1CF8151A813BED00F94E5A /* ShopWithFriends */ = {
			isa = PBXGroup;
			children = (
				1B1CF81E1A813BED00F94E5A /* AppDelegate.h */,
				1B1CF81F1A813BED00F94E5A /* AppDelegate.m */,
				1B1CF8211A813BED00F94E5A /* Main.storyboard */,
				1B1CF8241A813BED00F94E5A /* ViewController.h */,
				1B1CF8251A813BED00F94E5A /* ViewController.m */,
				1B1CF8271A813BED00F94E5A /* Images.xcassets */,
				1B1CF8161A813BED00F94E5A /* Supporting Files */,
			);
			path = ShopWithFriends;
			sourceTree = "<group>";
		};
		1B1CF8161A813BED00F94E5A /* Supporting Files */ = {
			isa = PBXGroup;
			children = (
				1B1CF8171A813BED00F94E5A /* ShopWithFriends-Info.plist */,
				1B1CF8181A813BED00F94E5A /* InfoPlist.strings */,
				1B1CF81B1A813BED00F94E5A /* main.m */,
				1B1CF81D1A813BED00F94E5A /* ShopWithFriends-Prefix.pch */,
			);
			name = "Supporting Files";
			sourceTree = "<group>";
		};
		1B1CF8341A813BED00F94E5A /* ShopWithFriendsTests */ = {
			isa = PBXGroup;
			children = (
				1B1CF83A1A813BED00F94E5A /* ShopWithFriendsTests.m */,
				1B1CF8351A813BED00F94E5A /* Supporting Files */,
			);
			path = ShopWithFriendsTests;
			sourceTree = "<group>";
		};
		1B1CF8351A813BED00F94E5A /* Supporting Files */ = {
			isa = PBXGroup;
			children = (
				1B1CF8361A813BED00F94E5A /* ShopWithFriendsTests-Info.plist */,
				1B1CF8371A813BED00F94E5A /* InfoPlist.strings */,
			);
			name = "Supporting Files";
			sourceTree = "<group>";
		};
/* End PBXGroup section */

/* Begin PBXNativeTarget section */
		1B1CF80B1A813BED00F94E5A /* ShopWithFriends */ = {
			isa = PBXNativeTarget;
			buildConfigurationList = 1B1CF83E1A813BED00F94E5A /* Build configuration list for PBXNativeTarget "ShopWithFriends" */;
			buildPhases = (
				1B1CF8081A813BED00F94E5A /* Sources */,
				1B1CF8091A813BED00F94E5A /* Frameworks */,
				1B1CF80A1A813BED00F94E5A /* Resources */,
			);
			buildRules = (
			);
			dependencies = (
			);
			name = ShopWithFriends;
			productName = ShopWithFriends;
			productReference = 1B1CF80C1A813BED00F94E5A /* ShopWithFriends.app */;
			productType = "com.apple.product-type.application";
		};
		1B1CF82C1A813BED00F94E5A /* ShopWithFriendsTests */ = {
			isa = PBXNativeTarget;
			buildConfigurationList = 1B1CF8411A813BED00F94E5A /* Build configuration list for PBXNativeTarget "ShopWithFriendsTests" */;
			buildPhases = (
				1B1CF8291A813BED00F94E5A /* Sources */,
				1B1CF82A1A813BED00F94E5A /* Frameworks */,
				1B1CF82B1A813BED00F94E5A /* Resources */,
			);
			buildRules = (
			);
			dependencies = (
				1B1CF8331A813BED00F94E5A /* PBXTargetDependency */,
			);
			name = ShopWithFriendsTests;
			productName = ShopWithFriendsTests;
			productReference = 1B1CF82D1A813BED00F94E5A /* ShopWithFriendsTests.xctest */;
			productType = "com.apple.product-type.bundle.unit-test";
		};
/* End PBXNativeTarget section */

/* Begin PBXProject section */
		1B1CF8041A813BED00F94E5A /* Project object */ = {
			isa = PBXProject;
			attributes = {
				LastUpgradeCheck = 0510;
				ORGANIZATIONNAME = "Georgia Tech";
				TargetAttributes = {
					1B1CF82C1A813BED00F94E5A = {
						TestTargetID = 1B1CF80B1A813BED00F94E5A;
					};
				};
			};
			buildConfigurationList = 1B1CF8071A813BED00F94E5A /* Build configuration list for PBXProject "ShopWithFriends" */;
			compatibilityVersion = "Xcode 3.2";
			developmentRegion = English;
			hasScannedForEncodings = 0;
			knownRegions = (
				en,
				Base,
			);
			mainGroup = 1B1CF8031A813BED00F94E5A;
			productRefGroup = 1B1CF80D1A813BED00F94E5A /* Products */;
			projectDirPath = "";
			projectRoot = "";
			targets = (
				1B1CF80B1A813BED00F94E5A /* ShopWithFriends */,
				1B1CF82C1A813BED00F94E5A /* ShopWithFriendsTests */,
			);
		};
/* End PBXProject section */

/* Begin PBXResourcesBuildPhase section */
		1B1CF80A1A813BED00F94E5A /* Resources */ = {
			isa = PBXResourcesBuildPhase;
			buildActionMask = 2147483647;
			files = (
				1B1CF8281A813BED00F94E5A /* Images.xcassets in Resources */,
				1B1CF81A1A813BED00F94E5A /* InfoPlist.strings in Resources */,
				1B1CF8231A813BED00F94E5A /* Main.storyboard in Resources */,
			);
			runOnlyForDeploymentPostprocessing = 0;
		};
		1B1CF82B1A813BED00F94E5A /* Resources */ = {
			isa = PBXResourcesBuildPhase;
			buildActionMask = 2147483647;
			files = (
				1B1CF8391A813BED00F94E5A /* InfoPlist.strings in Resources */,
			);
			runOnlyForDeploymentPostprocessing = 0;
		};
/* End PBXResourcesBuildPhase section */

/* Begin PBXSourcesBuildPhase section */
		1B1CF8081A813BED00F94E5A /* Sources */ = {
			isa = PBXSourcesBuildPhase;
			buildActionMask = 2147483647;
			files = (
				1B1CF8261A813BED00F94E5A /* ViewController.m in Sources */,
				1B1CF8201A813BED00F94E5A /* AppDelegate.m in Sources */,
				1B1CF81C1A813BED00F94E5A /* main.m in Sources */,
			);
			runOnlyForDeploymentPostprocessing = 0;
		};
		1B1CF8291A813BED00F94E5A /* Sources */ = {
			isa = PBXSourcesBuildPhase;
			buildActionMask = 2147483647;
			files = (
				1B1CF83B1A813BED00F94E5A /* ShopWithFriendsTests.m in Sources */,
			);
			runOnlyForDeploymentPostprocessing = 0;
		};
/* End PBXSourcesBuildPhase section */

/* Begin PBXTargetDependency section */
		1B1CF8331A813BED00F94E5A /* PBXTargetDependency */ = {
			isa = PBXTargetDependency;
			target = 1B1CF80B1A813BED00F94E5A /* ShopWithFriends */;
			targetProxy = 1B1CF8321A813BED00F94E5A /* PBXContainerItemProxy */;
		};
/* End PBXTargetDependency section */

/* Begin PBXVariantGroup section */
		1B1CF8181A813BED00F94E5A /* InfoPlist.strings */ = {
			isa = PBXVariantGroup;
			children = (
				1B1CF8191A813BED00F94E5A /* en */,
			);
			name = InfoPlist.strings;
			sourceTree = "<group>";
		};
		1B1CF8211A813BED00F94E5A /* Main.storyboard */ = {
			isa = PBXVariantGroup;
			children = (
				1B1CF8221A813BED00F94E5A /* Base */,
			);
			name = Main.storyboard;
			sourceTree = "<group>";
		};
		1B1CF8371A813BED00F94E5A /* InfoPlist.strings */ = {
			isa = PBXVariantGroup;
			children = (
				1B1CF8381A813BED00F94E5A /* en */,
			);
			name = InfoPlist.strings;
			sourceTree = "<group>";
		};
/* End PBXVariantGroup section */

/* Begin XCBuildConfiguration section */
		1B1CF83C1A813BED00F94E5A /* Debug */ = {
			isa = XCBuildConfiguration;
			buildSettings = {
				ALWAYS_SEARCH_USER_PATHS = NO;
				CLANG_CXX_LANGUAGE_STANDARD = "gnu++0x";
				CLANG_CXX_LIBRARY = "libc++";
				CLANG_ENABLE_MODULES = YES;
				CLANG_ENABLE_OBJC_ARC = YES;
				CLANG_WARN_BOOL_CONVERSION = YES;
				CLANG_WARN_CONSTANT_CONVERSION = YES;
				CLANG_WARN_DIRECT_OBJC_ISA_USAGE = YES_ERROR;
				CLANG_WARN_EMPTY_BODY = YES;
				CLANG_WARN_ENUM_CONVERSION = YES;
				CLANG_WARN_INT_CONVERSION = YES;
				CLANG_WARN_OBJC_ROOT_CLASS = YES_ERROR;
				CLANG_WARN__DUPLICATE_METHOD_MATCH = YES;
				"CODE_SIGN_IDENTITY[sdk=iphoneos*]" = "iPhone Developer";
				COPY_PHASE_STRIP = NO;
				GCC_C_LANGUAGE_STANDARD = gnu99;
				GCC_DYNAMIC_NO_PIC = NO;
				GCC_OPTIMIZATION_LEVEL = 0;
				GCC_PREPROCESSOR_DEFINITIONS = (
					"DEBUG=1",
					"$(inherited)",
				);
				GCC_SYMBOLS_PRIVATE_EXTERN = NO;
				GCC_WARN_64_TO_32_BIT_CONVERSION = YES;
				GCC_WARN_ABOUT_RETURN_TYPE = YES_ERROR;
				GCC_WARN_UNDECLARED_SELECTOR = YES;
				GCC_WARN_UNINITIALIZED_AUTOS = YES_AGGRESSIVE;
				GCC_WARN_UNUSED_FUNCTION = YES;
				GCC_WARN_UNUSED_VARIABLE = YES;
				IPHONEOS_DEPLOYMENT_TARGET = 7.1;
				ONLY_ACTIVE_ARCH = YES;
				SDKROOT = iphoneos;
			};
			name = Debug;
		};
		1B1CF83D1A813BED00F94E5A /* Release */ = {
			isa = XCBuildConfiguration;
			buildSettings = {
				ALWAYS_SEARCH_USER_PATHS = NO;
				CLANG_CXX_LANGUAGE_STANDARD = "gnu++0x";
				CLANG_CXX_LIBRARY = "libc++";
				CLANG_ENABLE_MODULES = YES;
				CLANG_ENABLE_OBJC_ARC = YES;
				CLANG_WARN_BOOL_CONVERSION = YES;
				CLANG_WARN_CONSTANT_CONVERSION = YES;
				CLANG_WARN_DIRECT_OBJC_ISA_USAGE = YES_ERROR;
				CLANG_WARN_EMPTY_BODY = YES;
				CLANG_WARN_ENUM_CONVERSION = YES;
				CLANG_WARN_INT_CONVERSION = YES;
				CLANG_WARN_OBJC_ROOT_CLASS = YES_ERROR;
				CLANG_WARN__DUPLICATE_METHOD_MATCH = YES;
				"CODE_SIGN_IDENTITY[sdk=iphoneos*]" = "iPhone Developer";
				COPY_PHASE_STRIP = YES;
				ENABLE_NS_ASSERTIONS = NO;
				GCC_C_LANGUAGE_STANDARD = gnu99;
				GCC_WARN_64_TO_32_BIT_CONVERSION = YES;
				GCC_WARN_ABOUT_RETURN_TYPE = YES_ERROR;
				GCC_WARN_UNDECLARED_SELECTOR = YES;
				GCC_WARN_UNINITIALIZED_AUTOS = YES_AGGRESSIVE;
				GCC_WARN_UNUSED_FUNCTION = YES;
				GCC_WARN_UNUSED_VARIABLE = YES;
				IPHONEOS_DEPLOYMENT_TARGET = 7.1;
				SDKROOT = iphoneos;
				VALIDATE_PRODUCT = YES;
			};
			name = Release;
		};
		1B1CF83F1A813BED00F94E5A /* Debug */ = {
			isa = XCBuildConfiguration;
			buildSettings = {
				ASSETCATALOG_COMPILER_APPICON_NAME = AppIcon;
				ASSETCATALOG_COMPILER_LAUNCHIMAGE_NAME = LaunchImage;
				GCC_PRECOMPILE_PREFIX_HEADER = YES;
				GCC_PREFIX_HEADER = "ShopWithFriends/ShopWithFriends-Prefix.pch";
				INFOPLIST_FILE = "ShopWithFriends/ShopWithFriends-Info.plist";
				PRODUCT_NAME = "$(TARGET_NAME)";
				WRAPPER_EXTENSION = app;
			};
			name = Debug;
		};
		1B1CF8401A813BED00F94E5A /* Release */ = {
			isa = XCBuildConfiguration;
			buildSettings = {
				ASSETCATALOG_COMPILER_APPICON_NAME = AppIcon;
				ASSETCATALOG_COMPILER_LAUNCHIMAGE_NAME = LaunchImage;
				GCC_PRECOMPILE_PREFIX_HEADER = YES;
				GCC_PREFIX_HEADER = "ShopWithFriends/ShopWithFriends-Prefix.pch";
				INFOPLIST_FILE = "ShopWithFriends/ShopWithFriends-Info.plist";
				PRODUCT_NAME = "$(TARGET_NAME)";
				WRAPPER_EXTENSION = app;
			};
			name = Release;
		};
		1B1CF8421A813BED00F94E5A /* Debug */ = {
			isa = XCBuildConfiguration;
			buildSettings = {
				BUNDLE_LOADER = "$(BUILT_PRODUCTS_DIR)/ShopWithFriends.app/ShopWithFriends";
				FRAMEWORK_SEARCH_PATHS = (
					"$(SDKROOT)/Developer/Library/Frameworks",
					"$(inherited)",
					"$(DEVELOPER_FRAMEWORKS_DIR)",
				);
				GCC_PRECOMPILE_PREFIX_HEADER = YES;
				GCC_PREFIX_HEADER = "ShopWithFriends/ShopWithFriends-Prefix.pch";
				GCC_PREPROCESSOR_DEFINITIONS = (
					"DEBUG=1",
					"$(inherited)",
				);
				INFOPLIST_FILE = "ShopWithFriendsTests/ShopWithFriendsTests-Info.plist";
				PRODUCT_NAME = "$(TARGET_NAME)";
				TEST_HOST = "$(BUNDLE_LOADER)";
				WRAPPER_EXTENSION = xctest;
			};
			name = Debug;
		};
		1B1CF8431A813BED00F94E5A /* Release */ = {
			isa = XCBuildConfiguration;
			buildSettings = {
				BUNDLE_LOADER = "$(BUILT_PRODUCTS_DIR)/ShopWithFriends.app/ShopWithFriends";
				FRAMEWORK_SEARCH_PATHS = (
					"$(SDKROOT)/Developer/Library/Frameworks",
					"$(inherited)",
					"$(DEVELOPER_FRAMEWORKS_DIR)",
				);
				GCC_PRECOMPILE_PREFIX_HEADER = YES;
				GCC_PREFIX_HEADER = "ShopWithFriends/ShopWithFriends-Prefix.pch";
				INFOPLIST_FILE = "ShopWithFriendsTests/ShopWithFriendsTests-Info.plist";
				PRODUCT_NAME = "$(TARGET_NAME)";
				TEST_HOST = "$(BUNDLE_LOADER)";
				WRAPPER_EXTENSION = xctest;
			};
			name = Release;
		};
/* End XCBuildConfiguration section */

/* Begin XCConfigurationList section */
		1B1CF8071A813BED00F94E5A /* Build configuration list for PBXProject "ShopWithFriends" */ = {
			isa = XCConfigurationList;
			buildConfigurations = (
				1B1CF83C1A813BED00F94E5A /* Debug */,
				1B1CF83D1A813BED00F94E5A /* Release */,
			);
			defaultConfigurationIsVisible = 0;
			defaultConfigurationName = Release;
		};
		1B1CF83E1A813BED00F94E5A /* Build configuration list for PBXNativeTarget "ShopWithFriends" */ = {
			isa = XCConfigurationList;
			buildConfigurations = (
				1B1CF83F1A813BED00F94E5A /* Debug */,
				1B1CF8401A813BED00F94E5A /* Release */,
			);
			defaultConfigurationIsVisible = 0;
		};
		1B1CF8411A813BED00F94E5A /* Build configuration list for PBXNativeTarget "ShopWithFriendsTests" */ = {
			isa = XCConfigurationList;
			buildConfigurations = (
				1B1CF8421A813BED00F94E5A /* Debug */,
				1B1CF8431A813BED00F94E5A /* Release */,
			);
			defaultConfigurationIsVisible = 0;
		};
/* End XCConfigurationList section */
	};
	rootObject = 1B1CF8041A813BED00F94E5A /* Project object */;
}
